schema: '2.0'
stages:
  data_ingestion:
    cmd: python src/data_ingestion.py
    deps:
    - path: src/data_ingestion.py
      hash: md5
      md5: 4ff89be90e3c2a2da46cd6d9abae0dbb
      size: 4012
    params:
      params.yaml:
        data_ingestion.test_size: 0.3
    outs:
    - path: data/raw
      hash: md5
      md5: 3b58a14e1b51fd26261ef267176b289f.dir
      size: 5081983
      nfiles: 2
  data_preprocessing:
    cmd: python src/data_preprocessing.py
    deps:
    - path: data/raw
      hash: md5
      md5: 3b58a14e1b51fd26261ef267176b289f.dir
      size: 5081983
      nfiles: 2
    - path: src/data_preprocessing.py
      hash: md5
      md5: b19d23b730320cb9853f735ee5db916d
      size: 3748
    outs:
    - path: data/pre_process
      hash: md5
      md5: 679846d32d1a9548239da281bce12abb.dir
      size: 8193114
      nfiles: 2
  feature_engineering:
    cmd: python src/feature_engineering.py
    deps:
    - path: data/pre_process
      hash: md5
      md5: 679846d32d1a9548239da281bce12abb.dir
      size: 8193114
      nfiles: 2
    - path: src/feature_engineering.py
      hash: md5
      md5: 886c8bfb2d579f86ae0531a23a2d216c
      size: 3644
    params:
      params.yaml:
        feature_engineering.max_features: 10000
    outs:
    - path: data/encoded_data
      hash: md5
      md5: 2830342e52549115ee5e815fff966bfb.dir
      size: 94153931
      nfiles: 2
  model_training:
    cmd: python src/model_training.py
    deps:
    - path: data/encoded_data
      hash: md5
      md5: 2830342e52549115ee5e815fff966bfb.dir
      size: 94153931
      nfiles: 2
    - path: data/pre_process
      hash: md5
      md5: 679846d32d1a9548239da281bce12abb.dir
      size: 8193114
      nfiles: 2
    - path: src/model_training.py
      hash: md5
      md5: 086f635acd0d5a34d6b43ccf1dcbff13
      size: 3764
    params:
      params.yaml:
        model_training.max_depth:
        model_training.n_estimators: 200
        model_training.random_state: 42
    outs:
    - path: models/rf_model.pkl
      hash: md5
      md5: 812287a156e40024c2840d0e4a405f23
      size: 11292002
  model_evaluation:
    cmd: python src/model_evaluating.py
    deps:
    - path: data/encoded_data
      hash: md5
      md5: 2830342e52549115ee5e815fff966bfb.dir
      size: 94153931
      nfiles: 2
    - path: data/pre_process
      hash: md5
      md5: 679846d32d1a9548239da281bce12abb.dir
      size: 8193114
      nfiles: 2
    - path: models/rf_model.pkl
      hash: md5
      md5: 812287a156e40024c2840d0e4a405f23
      size: 11292002
    - path: src/model_evaluating.py
      hash: md5
      md5: e5b32e0c2efaae5fd2e5278c6239111d
      size: 3694
    outs:
    - path: evaluation_results/evaluation_results.txt
      hash: md5
      md5: 8279737ca7dd5b24d4253fd90f703ade
      size: 730
