schema: '2.0'
stages:
  data_ingestion:
    cmd: python src/data_ingestion.py
    deps:
    - path: src/data_ingestion.py
      hash: md5
      md5: 4ff89be90e3c2a2da46cd6d9abae0dbb
      size: 4012
    params:
      params.yaml:
        data_ingestion.test_size: 0.5
    outs:
    - path: data/raw
      hash: md5
      md5: 9ac1ff75685235af27e1e818505b75e8.dir
      size: 5081983
      nfiles: 2
  data_preprocessing:
    cmd: python src/data_preprocessing.py
    deps:
    - path: data/raw
      hash: md5
      md5: 9ac1ff75685235af27e1e818505b75e8.dir
      size: 5081983
      nfiles: 2
    - path: src/data_preprocessing.py
      hash: md5
      md5: b19d23b730320cb9853f735ee5db916d
      size: 3748
    outs:
    - path: data/pre_process
      hash: md5
      md5: 032ccfc9e05ec79ac97625396c798abe.dir
      size: 8193114
      nfiles: 2
  feature_engineering:
    cmd: python src/feature_engineering.py
    deps:
    - path: data/pre_process
      hash: md5
      md5: 032ccfc9e05ec79ac97625396c798abe.dir
      size: 8193114
      nfiles: 2
    - path: src/feature_engineering.py
      hash: md5
      md5: 886c8bfb2d579f86ae0531a23a2d216c
      size: 3644
    params:
      params.yaml:
        feature_engineering.max_features: 5000
    outs:
    - path: data/encoded_data
      hash: md5
      md5: 099a216748051e370867105fc4f00814.dir
      size: 49206135
      nfiles: 2
  model_training:
    cmd: python src/model_training.py
    deps:
    - path: data/encoded_data
      hash: md5
      md5: 099a216748051e370867105fc4f00814.dir
      size: 49206135
      nfiles: 2
    - path: data/pre_process
      hash: md5
      md5: 032ccfc9e05ec79ac97625396c798abe.dir
      size: 8193114
      nfiles: 2
    - path: src/model_training.py
      hash: md5
      md5: 086f635acd0d5a34d6b43ccf1dcbff13
      size: 3764
    params:
      params.yaml:
        model_training.max_depth:
        model_training.n_estimators: 200
        model_training.random_state: 42
    outs:
    - path: models/rf_model.pkl
      hash: md5
      md5: e0dda4cedda117c120b190c9a07d8e65
      size: 7766830
  model_evaluation:
    cmd: python src/model_evaluating.py
    deps:
    - path: data/encoded_data
      hash: md5
      md5: 099a216748051e370867105fc4f00814.dir
      size: 49206135
      nfiles: 2
    - path: data/pre_process
      hash: md5
      md5: 032ccfc9e05ec79ac97625396c798abe.dir
      size: 8193114
      nfiles: 2
    - path: models/rf_model.pkl
      hash: md5
      md5: e0dda4cedda117c120b190c9a07d8e65
      size: 7766830
    - path: src/model_evaluating.py
      hash: md5
      md5: f32d776e8a1272669ec95fbaa08269c8
      size: 4888
    outs:
    - path: evaluation_results/evaluation_results.txt
      hash: md5
      md5: 020386616372a3c53bde0162f357c629
      size: 730
